
Microsoft Visual Studio Solution File, Format Version 11.00
# Visual Studio 2010
Project("{FAE04EC0-301F-11D3-BF4B-00C04F79EFBC}") = "Brick Breakout", "Assembly-CSharp.csproj", "{A47C8E85-6245-89A2-549D-00D7744DC24A}"
EndProject
Global
	GlobalSection(SolutionConfigurationPlatforms) = preSolution
		Debug|Any CPU = Debug|Any CPU
		Release|Any CPU = Release|Any CPU
	EndGlobalSection
	GlobalSection(ProjectConfigurationPlatforms) = postSolution
		{A47C8E85-6245-89A2-549D-00D7744DC24A}.Debug|Any CPU.ActiveCfg = Debug|Any CPU
		{A47C8E85-6245-89A2-549D-00D7744DC24A}.Debug|Any CPU.Build.0 = Debug|Any CPU
		{A47C8E85-6245-89A2-549D-00D7744DC24A}.Release|Any CPU.ActiveCfg = Release|Any CPU
		{A47C8E85-6245-89A2-549D-00D7744DC24A}.Release|Any CPU.Build.0 = Release|Any CPU
	EndGlobalSection
	GlobalSection(SolutionProperties) = preSolution
		HideSolutionNode = FALSE
	EndGlobalSection
	GlobalSection(MonoDevelopProperties) = preSolution
		StartupItem = Assembly-CSharp.csproj
	EndGlobalSection
EndGlobal
